
Microsoft Visual Studio Solution File, Format Version 12.00
# Visual Studio Version 17
VisualStudioVersion = 17.2.32526.322
MinimumVisualStudioVersion = 15.0
Project("{9A19103F-16F7-4668-BE54-9A1E7A4F7556}") = "Qowaiv", "src\Qowaiv\Qowaiv.csproj", "{ACF6F726-8CBE-4F7C-89EF-9002A6441D19}"
EndProject
Project("{2150E333-8FDC-42A3-9474-1A3956D46DE8}") = "Solution Items", "Solution Items", "{A4C3C9FF-4EED-41FE-8849-C896429254B5}"
	ProjectSection(SolutionItems) = preProject
		.editorconfig = .editorconfig
		.gitattributes = .gitattributes
		.gitignore = .gitignore
		analyzers-config.ini = analyzers-config.ini
		dictionary.dic = dictionary.dic
		IBAN.md = IBAN.md
		LICENSE.txt = LICENSE.txt
		README.Custom.SVO.md = README.Custom.SVO.md
		README.md = README.md
		ReleaseNotes.md = ReleaseNotes.md
	EndProjectSection
EndProject
Project("{2150E333-8FDC-42A3-9474-1A3956D46DE8}") = "specs", "specs", "{40C1E942-8DB1-4E58-8FB4-71F5EDA66029}"
EndProject
Project("{2150E333-8FDC-42A3-9474-1A3956D46DE8}") = "props", "props", "{696E5B2C-1F1D-4ACD-BBD4-40594FC7BF11}"
	ProjectSection(SolutionItems) = preProject
		props\common.props = props\common.props
		props\nopackage.props = props\nopackage.props
		props\package.props = props\package.props
	EndProjectSection
EndProject
Project("{9A19103F-16F7-4668-BE54-9A1E7A4F7556}") = "Qowaiv.Data.SqlClient", "src\Qowaiv.Data.SqlClient\Qowaiv.Data.SqlClient.csproj", "{684CA0A3-9F0E-4F58-A39B-2E93E249496E}"
EndProject
Project("{2150E333-8FDC-42A3-9474-1A3956D46DE8}") = "Model Binding and Serialization", "Model Binding and Serialization", "{225B41F0-0B59-4AB1-96DA-A916E2678AD4}"
EndProject
Project("{9A19103F-16F7-4668-BE54-9A1E7A4F7556}") = "Qowaiv.AspNetCore.Mvc.ModelBinding", "example\Qowaiv.AspNetCore.Mvc.ModelBinding\Qowaiv.AspNetCore.Mvc.ModelBinding.csproj", "{69E9CC0E-BF81-41CD-92A7-4CD50004900E}"
EndProject
Project("{9A19103F-16F7-4668-BE54-9A1E7A4F7556}") = "Qowaiv.Web.Mvc.ModelBinding", "example\Qowaiv.Web.Mvc.ModelBinding\Qowaiv.Web.Mvc.ModelBinding.csproj", "{B9DD949C-C45D-4332-A870-890DC4B80F97}"
EndProject
Project("{9A19103F-16F7-4668-BE54-9A1E7A4F7556}") = "Qowaiv.AspNetCore.Mvc.ModelBinding.UnitTests", "example\Qowaiv.AspNetCore.Mvc.ModelBinding.UnitTests\Qowaiv.AspNetCore.Mvc.ModelBinding.UnitTests.csproj", "{1FD06220-5716-4863-8FEC-63B3F6EBE598}"
EndProject
Project("{2150E333-8FDC-42A3-9474-1A3956D46DE8}") = ".github", ".github", "{C036985A-F17D-405A-B3FD-37F30FA154FB}"
EndProject
Project("{2150E333-8FDC-42A3-9474-1A3956D46DE8}") = "workflows", "workflows", "{8E1F869D-393B-4F6C-A3C0-1D1D336F9FA8}"
	ProjectSection(SolutionItems) = preProject
		.github\workflows\build-test.yaml = .github\workflows\build-test.yaml
		.github\workflows\code-coverage.yml = .github\workflows\code-coverage.yml
	EndProjectSection
EndProject
Project("{2150E333-8FDC-42A3-9474-1A3956D46DE8}") = "design", "design", "{932B4123-594C-494B-9B3E-7017D526E80F}"
	ProjectSection(SolutionItems) = preProject
		design\package-icon.png = design\package-icon.png
		design\qowaiv logo.psd = design\qowaiv logo.psd
		design\qowaiv-logo_linkedin_050x050.jpg = design\qowaiv-logo_linkedin_050x050.jpg
		design\qowaiv-logo_linkedin_100x060.jpg = design\qowaiv-logo_linkedin_100x060.jpg
	EndProjectSection
EndProject
Project("{2150E333-8FDC-42A3-9474-1A3956D46DE8}") = "build", "build", "{F74D9EF2-39B5-40EB-8C44-1D6015C38D70}"
	ProjectSection(SolutionItems) = preProject
		build\Qowaiv.snk = build\Qowaiv.snk
	EndProjectSection
EndProject
Project("{9A19103F-16F7-4668-BE54-9A1E7A4F7556}") = "Qowaiv.TestTools", "src\Qowaiv.TestTools\Qowaiv.TestTools.csproj", "{DDB84002-C9A4-4D0C-9B98-19FF02854D11}"
EndProject
Project("{9A19103F-16F7-4668-BE54-9A1E7A4F7556}") = "Qowaiv.Specs", "specs\Qowaiv.Specs\Qowaiv.Specs.csproj", "{9CCFB684-06FA-48B1-8732-0A520B639E11}"
EndProject
Project("{2150E333-8FDC-42A3-9474-1A3956D46DE8}") = "shared", "shared", "{7F291C39-7785-41A7-8678-2E79B347E7AD}"
	ProjectSection(SolutionItems) = preProject
		shared\Guard.cs = shared\Guard.cs
		shared\ProductInfo.cs = shared\ProductInfo.cs
	EndProjectSection
EndProject
Project("{9A19103F-16F7-4668-BE54-9A1E7A4F7556}") = "Qowaiv.Benchmarks", "specs\Qowaiv.Benchmarks\Qowaiv.Benchmarks.csproj", "{6F2DEAC5-6E5D-4144-BA24-37039F387D67}"
EndProject
Project("{9A19103F-16F7-4668-BE54-9A1E7A4F7556}") = "Qowaiv.Diagnostics.Contracts", "src\Qowaiv.Diagnostics.Contracts\Qowaiv.Diagnostics.Contracts.csproj", "{75090D12-3917-4CDD-8DDE-09B8407723A8}"
EndProject
Project("{9A19103F-16F7-4668-BE54-9A1E7A4F7556}") = "Qowaiv.Wikipedia", "specs\Qowaiv.Wikipedia\Qowaiv.Wikipedia.csproj", "{472741F3-7CA5-49B0-90B2-5BFB82832D99}"
EndProject
Global
	GlobalSection(SolutionConfigurationPlatforms) = preSolution
		Debug|Any CPU = Debug|Any CPU
		Release|Any CPU = Release|Any CPU
	EndGlobalSection
	GlobalSection(ProjectConfigurationPlatforms) = postSolution
		{ACF6F726-8CBE-4F7C-89EF-9002A6441D19}.Debug|Any CPU.ActiveCfg = Debug|Any CPU
		{ACF6F726-8CBE-4F7C-89EF-9002A6441D19}.Debug|Any CPU.Build.0 = Debug|Any CPU
		{ACF6F726-8CBE-4F7C-89EF-9002A6441D19}.Release|Any CPU.ActiveCfg = Release|Any CPU
		{ACF6F726-8CBE-4F7C-89EF-9002A6441D19}.Release|Any CPU.Build.0 = Release|Any CPU
		{684CA0A3-9F0E-4F58-A39B-2E93E249496E}.Debug|Any CPU.ActiveCfg = Debug|Any CPU
		{684CA0A3-9F0E-4F58-A39B-2E93E249496E}.Debug|Any CPU.Build.0 = Debug|Any CPU
		{684CA0A3-9F0E-4F58-A39B-2E93E249496E}.Release|Any CPU.ActiveCfg = Release|Any CPU
		{684CA0A3-9F0E-4F58-A39B-2E93E249496E}.Release|Any CPU.Build.0 = Release|Any CPU
		{69E9CC0E-BF81-41CD-92A7-4CD50004900E}.Debug|Any CPU.ActiveCfg = Debug|Any CPU
		{69E9CC0E-BF81-41CD-92A7-4CD50004900E}.Debug|Any CPU.Build.0 = Debug|Any CPU
		{69E9CC0E-BF81-41CD-92A7-4CD50004900E}.Release|Any CPU.ActiveCfg = Release|Any CPU
		{69E9CC0E-BF81-41CD-92A7-4CD50004900E}.Release|Any CPU.Build.0 = Release|Any CPU
		{B9DD949C-C45D-4332-A870-890DC4B80F97}.Debug|Any CPU.ActiveCfg = Debug|Any CPU
		{B9DD949C-C45D-4332-A870-890DC4B80F97}.Debug|Any CPU.Build.0 = Debug|Any CPU
		{B9DD949C-C45D-4332-A870-890DC4B80F97}.Release|Any CPU.ActiveCfg = Release|Any CPU
		{B9DD949C-C45D-4332-A870-890DC4B80F97}.Release|Any CPU.Build.0 = Release|Any CPU
		{1FD06220-5716-4863-8FEC-63B3F6EBE598}.Debug|Any CPU.ActiveCfg = Debug|Any CPU
		{1FD06220-5716-4863-8FEC-63B3F6EBE598}.Debug|Any CPU.Build.0 = Debug|Any CPU
		{1FD06220-5716-4863-8FEC-63B3F6EBE598}.Release|Any CPU.ActiveCfg = Release|Any CPU
		{1FD06220-5716-4863-8FEC-63B3F6EBE598}.Release|Any CPU.Build.0 = Release|Any CPU
		{DDB84002-C9A4-4D0C-9B98-19FF02854D11}.Debug|Any CPU.ActiveCfg = Debug|Any CPU
		{DDB84002-C9A4-4D0C-9B98-19FF02854D11}.Debug|Any CPU.Build.0 = Debug|Any CPU
		{DDB84002-C9A4-4D0C-9B98-19FF02854D11}.Release|Any CPU.ActiveCfg = Release|Any CPU
		{DDB84002-C9A4-4D0C-9B98-19FF02854D11}.Release|Any CPU.Build.0 = Release|Any CPU
		{9CCFB684-06FA-48B1-8732-0A520B639E11}.Debug|Any CPU.ActiveCfg = Debug|Any CPU
		{9CCFB684-06FA-48B1-8732-0A520B639E11}.Debug|Any CPU.Build.0 = Debug|Any CPU
		{9CCFB684-06FA-48B1-8732-0A520B639E11}.Release|Any CPU.ActiveCfg = Release|Any CPU
		{9CCFB684-06FA-48B1-8732-0A520B639E11}.Release|Any CPU.Build.0 = Release|Any CPU
		{6F2DEAC5-6E5D-4144-BA24-37039F387D67}.Debug|Any CPU.ActiveCfg = Debug|Any CPU
		{6F2DEAC5-6E5D-4144-BA24-37039F387D67}.Debug|Any CPU.Build.0 = Debug|Any CPU
		{6F2DEAC5-6E5D-4144-BA24-37039F387D67}.Release|Any CPU.ActiveCfg = Release|Any CPU
		{6F2DEAC5-6E5D-4144-BA24-37039F387D67}.Release|Any CPU.Build.0 = Release|Any CPU
		{75090D12-3917-4CDD-8DDE-09B8407723A8}.Debug|Any CPU.ActiveCfg = Debug|Any CPU
		{75090D12-3917-4CDD-8DDE-09B8407723A8}.Debug|Any CPU.Build.0 = Debug|Any CPU
		{75090D12-3917-4CDD-8DDE-09B8407723A8}.Release|Any CPU.ActiveCfg = Release|Any CPU
		{75090D12-3917-4CDD-8DDE-09B8407723A8}.Release|Any CPU.Build.0 = Release|Any CPU
		{472741F3-7CA5-49B0-90B2-5BFB82832D99}.Debug|Any CPU.ActiveCfg = Debug|Any CPU
		{472741F3-7CA5-49B0-90B2-5BFB82832D99}.Debug|Any CPU.Build.0 = Debug|Any CPU
		{472741F3-7CA5-49B0-90B2-5BFB82832D99}.Release|Any CPU.ActiveCfg = Release|Any CPU
		{472741F3-7CA5-49B0-90B2-5BFB82832D99}.Release|Any CPU.Build.0 = Release|Any CPU
	EndGlobalSection
	GlobalSection(SolutionProperties) = preSolution
		HideSolutionNode = FALSE
	EndGlobalSection
	GlobalSection(NestedProjects) = preSolution
		{696E5B2C-1F1D-4ACD-BBD4-40594FC7BF11} = {A4C3C9FF-4EED-41FE-8849-C896429254B5}
		{69E9CC0E-BF81-41CD-92A7-4CD50004900E} = {225B41F0-0B59-4AB1-96DA-A916E2678AD4}
		{B9DD949C-C45D-4332-A870-890DC4B80F97} = {225B41F0-0B59-4AB1-96DA-A916E2678AD4}
		{1FD06220-5716-4863-8FEC-63B3F6EBE598} = {225B41F0-0B59-4AB1-96DA-A916E2678AD4}
		{C036985A-F17D-405A-B3FD-37F30FA154FB} = {A4C3C9FF-4EED-41FE-8849-C896429254B5}
		{8E1F869D-393B-4F6C-A3C0-1D1D336F9FA8} = {C036985A-F17D-405A-B3FD-37F30FA154FB}
		{932B4123-594C-494B-9B3E-7017D526E80F} = {A4C3C9FF-4EED-41FE-8849-C896429254B5}
		{F74D9EF2-39B5-40EB-8C44-1D6015C38D70} = {A4C3C9FF-4EED-41FE-8849-C896429254B5}
		{9CCFB684-06FA-48B1-8732-0A520B639E11} = {40C1E942-8DB1-4E58-8FB4-71F5EDA66029}
		{7F291C39-7785-41A7-8678-2E79B347E7AD} = {A4C3C9FF-4EED-41FE-8849-C896429254B5}
		{6F2DEAC5-6E5D-4144-BA24-37039F387D67} = {40C1E942-8DB1-4E58-8FB4-71F5EDA66029}
		{472741F3-7CA5-49B0-90B2-5BFB82832D99} = {40C1E942-8DB1-4E58-8FB4-71F5EDA66029}
	EndGlobalSection
	GlobalSection(ExtensibilityGlobals) = postSolution
		SolutionGuid = {9B55A336-E2D3-4656-9840-D519B3E1159B}
	EndGlobalSection
EndGlobal
