
Microsoft Visual Studio Solution File, Format Version 12.00
# Visual Studio Version 16
VisualStudioVersion = 16.0.29020.237
MinimumVisualStudioVersion = 15.0
Project("{9A19103F-16F7-4668-BE54-9A1E7A4F7556}") = "Qowaiv", "src\Qowaiv\Qowaiv.csproj", "{ACF6F726-8CBE-4F7C-89EF-9002A6441D19}"
EndProject
Project("{2150E333-8FDC-42A3-9474-1A3956D46DE8}") = "Solution Items", "Solution Items", "{A4C3C9FF-4EED-41FE-8849-C896429254B5}"
	ProjectSection(SolutionItems) = preProject
		.editorconfig = .editorconfig
		.gitattributes = .gitattributes
		.gitignore = .gitignore
		LICENSE.txt = LICENSE.txt
		Qowaiv.ruleset = Qowaiv.ruleset
		README.md = README.md
		ReleaseNotes.md = ReleaseNotes.md
	EndProjectSection
EndProject
Project("{2150E333-8FDC-42A3-9474-1A3956D46DE8}") = "Tests", "Tests", "{40C1E942-8DB1-4E58-8FB4-71F5EDA66029}"
EndProject
Project("{2150E333-8FDC-42A3-9474-1A3956D46DE8}") = "Tooling", "Tooling", "{CCCCEB32-7082-431D-A7DC-3C6E213DA8D4}"
EndProject
Project("{2150E333-8FDC-42A3-9474-1A3956D46DE8}") = "Props", "Props", "{696E5B2C-1F1D-4ACD-BBD4-40594FC7BF11}"
	ProjectSection(SolutionItems) = preProject
		props\analytics.props = props\analytics.props
		props\common.props = props\common.props
		props\test.props = props\test.props
	EndProjectSection
EndProject
Project("{9A19103F-16F7-4668-BE54-9A1E7A4F7556}") = "Qowaiv.UnitTests", "test\Qowaiv.UnitTests\Qowaiv.UnitTests.csproj", "{21E4DDC5-08FE-42EA-9B82-7C54C176161F}"
EndProject
Project("{9A19103F-16F7-4668-BE54-9A1E7A4F7556}") = "Qowaiv.Data.SqlClient.UnitTests", "test\Qowaiv.Data.SqlClient.UnitTests\Qowaiv.Data.SqlClient.UnitTests.csproj", "{48FB953F-7321-4D10-BED7-3A2FE3C5EF5B}"
EndProject
Project("{9A19103F-16F7-4668-BE54-9A1E7A4F7556}") = "Qowaiv.Data.SqlClient", "src\Qowaiv.Data.SqlClient\Qowaiv.Data.SqlClient.csproj", "{684CA0A3-9F0E-4F58-A39B-2E93E249496E}"
EndProject
Project("{9A19103F-16F7-4668-BE54-9A1E7A4F7556}") = "Qowaiv.TestTools", "tooling\Qowaiv.TestTools\Qowaiv.TestTools.csproj", "{50F34D90-4AD2-4E6F-8A75-EA3656B31480}"
EndProject
Project("{9A19103F-16F7-4668-BE54-9A1E7A4F7556}") = "Qowaiv.ComponentModel", "src\Qowaiv.ComponentModel\Qowaiv.ComponentModel.csproj", "{3823BECB-BAE6-4C81-90B8-CA8C07FE5EE2}"
EndProject
Project("{9A19103F-16F7-4668-BE54-9A1E7A4F7556}") = "Qowaiv.ComponentModel.UnitTests", "test\Qowaiv.ComponentModel.UnitTests\Qowaiv.ComponentModel.UnitTests.csproj", "{8C026B5F-87B3-49F9-9D21-75774972A53A}"
EndProject
Project("{9A19103F-16F7-4668-BE54-9A1E7A4F7556}") = "Qowaiv.Json.Newtonsoft", "src\Qowaiv.Json.Newtonsoft\Qowaiv.Json.Newtonsoft.csproj", "{BCFDC29E-57F5-4D3C-85E2-D37217EE62A6}"
EndProject
Project("{9A19103F-16F7-4668-BE54-9A1E7A4F7556}") = "Qowaiv.Json.Newtonsoft.UnitTests", "test\Qowaiv.Json.Newtonsoft.UnitTests\Qowaiv.Json.Newtonsoft.UnitTests.csproj", "{864B79CC-0B90-475D-8EDC-C69830F8D773}"
EndProject
Project("{9A19103F-16F7-4668-BE54-9A1E7A4F7556}") = "Qowaiv.CodeGenerator", "tooling\Qowaiv.CodeGenerator\Qowaiv.CodeGenerator.csproj", "{E76B08DA-74EE-415C-B554-BA395499AB1A}"
EndProject
Project("{9A19103F-16F7-4668-BE54-9A1E7A4F7556}") = "Qowaiv.Validation.Abstractions", "src\Qowaiv.Validation.Abstractions\Qowaiv.Validation.Abstractions.csproj", "{71FE5C6E-2A11-468E-9E8F-AC4B3A780A33}"
EndProject
Project("{9A19103F-16F7-4668-BE54-9A1E7A4F7556}") = "Qowaiv.Validation.Abstractions.UnitTests", "test\Qowaiv.Validation.Abstractions.UnitTests\Qowaiv.Validation.Abstractions.UnitTests.csproj", "{6C74ECDC-D724-4794-905F-609A27A42F99}"
EndProject
Project("{9A19103F-16F7-4668-BE54-9A1E7A4F7556}") = "Qowaiv.Validation.Fluent", "src\Qowaiv.Validation.Fluent\Qowaiv.Validation.Fluent.csproj", "{67DC037A-0782-4D36-9A5F-1116062E77E6}"
EndProject
Project("{9A19103F-16F7-4668-BE54-9A1E7A4F7556}") = "Qowaiv.Validation.DataAnnotations", "src\Qowaiv.Validation.DataAnnotations\Qowaiv.Validation.DataAnnotations.csproj", "{9F6C3C67-299E-4C60-B8E9-14A7B6B59627}"
EndProject
Project("{9A19103F-16F7-4668-BE54-9A1E7A4F7556}") = "Qowaiv.Validation.DataAnnotations.UnitTests", "test\Qowaiv.Validation.DataAnnotations.UnitTests\Qowaiv.Validation.DataAnnotations.UnitTests.csproj", "{FFAC26F0-5CE0-4BC9-A1D5-8EA3D79C6FA9}"
EndProject
Project("{FAE04EC0-301F-11D3-BF4B-00C04F79EFBC}") = "Qowaiv.Validation.Fluent.UnitTests", "test\Qowaiv.Validation.Fluent.UnitTests\Qowaiv.Validation.Fluent.UnitTests.csproj", "{C2ABE02B-F1D0-4393-B676-13B1323A7879}"
EndProject
Global
	GlobalSection(SolutionConfigurationPlatforms) = preSolution
		Debug|Any CPU = Debug|Any CPU
		Release|Any CPU = Release|Any CPU
	EndGlobalSection
	GlobalSection(ProjectConfigurationPlatforms) = postSolution
		{ACF6F726-8CBE-4F7C-89EF-9002A6441D19}.Debug|Any CPU.ActiveCfg = Debug|Any CPU
		{ACF6F726-8CBE-4F7C-89EF-9002A6441D19}.Debug|Any CPU.Build.0 = Debug|Any CPU
		{ACF6F726-8CBE-4F7C-89EF-9002A6441D19}.Release|Any CPU.ActiveCfg = Release|Any CPU
		{ACF6F726-8CBE-4F7C-89EF-9002A6441D19}.Release|Any CPU.Build.0 = Release|Any CPU
		{21E4DDC5-08FE-42EA-9B82-7C54C176161F}.Debug|Any CPU.ActiveCfg = Debug|Any CPU
		{21E4DDC5-08FE-42EA-9B82-7C54C176161F}.Debug|Any CPU.Build.0 = Debug|Any CPU
		{21E4DDC5-08FE-42EA-9B82-7C54C176161F}.Release|Any CPU.ActiveCfg = Release|Any CPU
		{21E4DDC5-08FE-42EA-9B82-7C54C176161F}.Release|Any CPU.Build.0 = Release|Any CPU
		{48FB953F-7321-4D10-BED7-3A2FE3C5EF5B}.Debug|Any CPU.ActiveCfg = Debug|Any CPU
		{48FB953F-7321-4D10-BED7-3A2FE3C5EF5B}.Debug|Any CPU.Build.0 = Debug|Any CPU
		{48FB953F-7321-4D10-BED7-3A2FE3C5EF5B}.Release|Any CPU.ActiveCfg = Release|Any CPU
		{48FB953F-7321-4D10-BED7-3A2FE3C5EF5B}.Release|Any CPU.Build.0 = Release|Any CPU
		{684CA0A3-9F0E-4F58-A39B-2E93E249496E}.Debug|Any CPU.ActiveCfg = Debug|Any CPU
		{684CA0A3-9F0E-4F58-A39B-2E93E249496E}.Debug|Any CPU.Build.0 = Debug|Any CPU
		{684CA0A3-9F0E-4F58-A39B-2E93E249496E}.Release|Any CPU.ActiveCfg = Release|Any CPU
		{684CA0A3-9F0E-4F58-A39B-2E93E249496E}.Release|Any CPU.Build.0 = Release|Any CPU
		{50F34D90-4AD2-4E6F-8A75-EA3656B31480}.Debug|Any CPU.ActiveCfg = Debug|Any CPU
		{50F34D90-4AD2-4E6F-8A75-EA3656B31480}.Debug|Any CPU.Build.0 = Debug|Any CPU
		{50F34D90-4AD2-4E6F-8A75-EA3656B31480}.Release|Any CPU.ActiveCfg = Release|Any CPU
		{50F34D90-4AD2-4E6F-8A75-EA3656B31480}.Release|Any CPU.Build.0 = Release|Any CPU
		{3823BECB-BAE6-4C81-90B8-CA8C07FE5EE2}.Debug|Any CPU.ActiveCfg = Debug|Any CPU
		{3823BECB-BAE6-4C81-90B8-CA8C07FE5EE2}.Debug|Any CPU.Build.0 = Debug|Any CPU
		{3823BECB-BAE6-4C81-90B8-CA8C07FE5EE2}.Release|Any CPU.ActiveCfg = Release|Any CPU
		{3823BECB-BAE6-4C81-90B8-CA8C07FE5EE2}.Release|Any CPU.Build.0 = Release|Any CPU
		{8C026B5F-87B3-49F9-9D21-75774972A53A}.Debug|Any CPU.ActiveCfg = Debug|Any CPU
		{8C026B5F-87B3-49F9-9D21-75774972A53A}.Debug|Any CPU.Build.0 = Debug|Any CPU
		{8C026B5F-87B3-49F9-9D21-75774972A53A}.Release|Any CPU.ActiveCfg = Release|Any CPU
		{8C026B5F-87B3-49F9-9D21-75774972A53A}.Release|Any CPU.Build.0 = Release|Any CPU
		{BCFDC29E-57F5-4D3C-85E2-D37217EE62A6}.Debug|Any CPU.ActiveCfg = Debug|Any CPU
		{BCFDC29E-57F5-4D3C-85E2-D37217EE62A6}.Debug|Any CPU.Build.0 = Debug|Any CPU
		{BCFDC29E-57F5-4D3C-85E2-D37217EE62A6}.Release|Any CPU.ActiveCfg = Release|Any CPU
		{BCFDC29E-57F5-4D3C-85E2-D37217EE62A6}.Release|Any CPU.Build.0 = Release|Any CPU
		{864B79CC-0B90-475D-8EDC-C69830F8D773}.Debug|Any CPU.ActiveCfg = Debug|Any CPU
		{864B79CC-0B90-475D-8EDC-C69830F8D773}.Debug|Any CPU.Build.0 = Debug|Any CPU
		{864B79CC-0B90-475D-8EDC-C69830F8D773}.Release|Any CPU.ActiveCfg = Release|Any CPU
		{864B79CC-0B90-475D-8EDC-C69830F8D773}.Release|Any CPU.Build.0 = Release|Any CPU
		{E76B08DA-74EE-415C-B554-BA395499AB1A}.Debug|Any CPU.ActiveCfg = Debug|Any CPU
		{E76B08DA-74EE-415C-B554-BA395499AB1A}.Debug|Any CPU.Build.0 = Debug|Any CPU
		{E76B08DA-74EE-415C-B554-BA395499AB1A}.Release|Any CPU.ActiveCfg = Release|Any CPU
		{E76B08DA-74EE-415C-B554-BA395499AB1A}.Release|Any CPU.Build.0 = Release|Any CPU
		{71FE5C6E-2A11-468E-9E8F-AC4B3A780A33}.Debug|Any CPU.ActiveCfg = Debug|Any CPU
		{71FE5C6E-2A11-468E-9E8F-AC4B3A780A33}.Debug|Any CPU.Build.0 = Debug|Any CPU
		{71FE5C6E-2A11-468E-9E8F-AC4B3A780A33}.Release|Any CPU.ActiveCfg = Release|Any CPU
		{71FE5C6E-2A11-468E-9E8F-AC4B3A780A33}.Release|Any CPU.Build.0 = Release|Any CPU
		{6C74ECDC-D724-4794-905F-609A27A42F99}.Debug|Any CPU.ActiveCfg = Debug|Any CPU
		{6C74ECDC-D724-4794-905F-609A27A42F99}.Debug|Any CPU.Build.0 = Debug|Any CPU
		{6C74ECDC-D724-4794-905F-609A27A42F99}.Release|Any CPU.ActiveCfg = Release|Any CPU
		{6C74ECDC-D724-4794-905F-609A27A42F99}.Release|Any CPU.Build.0 = Release|Any CPU
		{67DC037A-0782-4D36-9A5F-1116062E77E6}.Debug|Any CPU.ActiveCfg = Debug|Any CPU
		{67DC037A-0782-4D36-9A5F-1116062E77E6}.Debug|Any CPU.Build.0 = Debug|Any CPU
		{67DC037A-0782-4D36-9A5F-1116062E77E6}.Release|Any CPU.ActiveCfg = Release|Any CPU
		{67DC037A-0782-4D36-9A5F-1116062E77E6}.Release|Any CPU.Build.0 = Release|Any CPU
		{9F6C3C67-299E-4C60-B8E9-14A7B6B59627}.Debug|Any CPU.ActiveCfg = Debug|Any CPU
		{9F6C3C67-299E-4C60-B8E9-14A7B6B59627}.Debug|Any CPU.Build.0 = Debug|Any CPU
		{9F6C3C67-299E-4C60-B8E9-14A7B6B59627}.Release|Any CPU.ActiveCfg = Release|Any CPU
		{9F6C3C67-299E-4C60-B8E9-14A7B6B59627}.Release|Any CPU.Build.0 = Release|Any CPU
		{FFAC26F0-5CE0-4BC9-A1D5-8EA3D79C6FA9}.Debug|Any CPU.ActiveCfg = Debug|Any CPU
		{FFAC26F0-5CE0-4BC9-A1D5-8EA3D79C6FA9}.Debug|Any CPU.Build.0 = Debug|Any CPU
		{FFAC26F0-5CE0-4BC9-A1D5-8EA3D79C6FA9}.Release|Any CPU.ActiveCfg = Release|Any CPU
		{FFAC26F0-5CE0-4BC9-A1D5-8EA3D79C6FA9}.Release|Any CPU.Build.0 = Release|Any CPU
		{C2ABE02B-F1D0-4393-B676-13B1323A7879}.Debug|Any CPU.ActiveCfg = Debug|Any CPU
		{C2ABE02B-F1D0-4393-B676-13B1323A7879}.Debug|Any CPU.Build.0 = Debug|Any CPU
		{C2ABE02B-F1D0-4393-B676-13B1323A7879}.Release|Any CPU.ActiveCfg = Release|Any CPU
		{C2ABE02B-F1D0-4393-B676-13B1323A7879}.Release|Any CPU.Build.0 = Release|Any CPU
	EndGlobalSection
	GlobalSection(SolutionProperties) = preSolution
		HideSolutionNode = FALSE
	EndGlobalSection
	GlobalSection(NestedProjects) = preSolution
		{696E5B2C-1F1D-4ACD-BBD4-40594FC7BF11} = {A4C3C9FF-4EED-41FE-8849-C896429254B5}
		{21E4DDC5-08FE-42EA-9B82-7C54C176161F} = {40C1E942-8DB1-4E58-8FB4-71F5EDA66029}
		{48FB953F-7321-4D10-BED7-3A2FE3C5EF5B} = {40C1E942-8DB1-4E58-8FB4-71F5EDA66029}
		{8C026B5F-87B3-49F9-9D21-75774972A53A} = {40C1E942-8DB1-4E58-8FB4-71F5EDA66029}
		{864B79CC-0B90-475D-8EDC-C69830F8D773} = {40C1E942-8DB1-4E58-8FB4-71F5EDA66029}
		{E76B08DA-74EE-415C-B554-BA395499AB1A} = {CCCCEB32-7082-431D-A7DC-3C6E213DA8D4}
		{6C74ECDC-D724-4794-905F-609A27A42F99} = {40C1E942-8DB1-4E58-8FB4-71F5EDA66029}
		{FFAC26F0-5CE0-4BC9-A1D5-8EA3D79C6FA9} = {40C1E942-8DB1-4E58-8FB4-71F5EDA66029}
		{C2ABE02B-F1D0-4393-B676-13B1323A7879} = {40C1E942-8DB1-4E58-8FB4-71F5EDA66029}
	EndGlobalSection
	GlobalSection(ExtensibilityGlobals) = postSolution
		SolutionGuid = {9B55A336-E2D3-4656-9840-D519B3E1159B}
	EndGlobalSection
EndGlobal
