{
  "version": 2,
  "dependencies": {
    "net8.0": {
      "AsyncFixer": {
        "type": "Direct",
        "requested": "[1.6.0, )",
        "resolved": "1.6.0",
        "contentHash": "/Xfs9H3UMfEv64cwT+C/JrTRp4w08BmPuFbj0ageadCHpx6rxYJxAU2C6sEqRFG22xmGk5cX9ewzoiiehWVHOw=="
      },
      "AwesomeAssertions": {
        "type": "Direct",
        "requested": "[8.2.0, )",
        "resolved": "8.2.0",
        "contentHash": "L7TH34LqLwc5IGOGvhA8j04RoJRSyL8JuqJDxzFZ8iCyIG5Qy8kjsSdbEFejZPJ5WlUv2XH0z8nG7Y5ueBfMxQ=="
      },
      "AwesomeAssertions.Analyzers": {
        "type": "Direct",
        "requested": "[8.0.0, )",
        "resolved": "8.0.0",
        "contentHash": "EZGnrKaA0StoN10gnMasYt4up5t4QNbRH4ppn/Io+AW9z9DP6P0Xy3Ya61+mEA0m4jsEFHanGPGVIx9J8DGbsA=="
      },
      "DotNetProjectFile.Analyzers": {
        "type": "Direct",
        "requested": "[1.6.0, )",
        "resolved": "1.6.0",
        "contentHash": "+N7pXNX4+45z0Pt1Gumo8AtMGXFxS5ihYuXPE6DUou1/kjPyNVeZpoD2qLv060YgB5sQWF1Ci1FNZtgfFcxP5Q=="
      },
      "Microsoft.AspNetCore.Components.Analyzers": {
        "type": "Direct",
        "requested": "[9.0.5, )",
        "resolved": "9.0.5",
        "contentHash": "u9dQP0/bjkTVHFHVBV+8TYpBVerjbFfvD3nwwOfaoJ8VmyCHoBFbD8m4nxV+rfu+jVLe2FQF4skjHZLIjjFbyQ=="
      },
      "Microsoft.AspNetCore.Mvc.Core": {
        "type": "Direct",
        "requested": "[2.3.0, )",
        "resolved": "2.3.0",
        "contentHash": "WRXKrQ4wpzbo6Oo3+n6RegL83B/wXGo4/+Uo8yFFejMNCuNIyk/NL3Qe8MMRC3Mr9NqlOWwJr3qiWv/nKwg7dw==",
        "dependencies": {
          "Microsoft.AspNetCore.Authentication.Core": "2.3.0",
          "Microsoft.AspNetCore.Authorization.Policy": "2.3.0",
          "Microsoft.AspNetCore.Hosting.Abstractions": "2.3.0",
          "Microsoft.AspNetCore.Http": "2.3.0",
          "Microsoft.AspNetCore.Http.Extensions": "2.3.0",
          "Microsoft.AspNetCore.Mvc.Abstractions": "2.3.0",
          "Microsoft.AspNetCore.ResponseCaching.Abstractions": "2.3.0",
          "Microsoft.AspNetCore.Routing": "2.3.0",
          "Microsoft.Extensions.DependencyInjection": "8.0.1",
          "Microsoft.Extensions.DependencyModel": "2.1.0",
          "Microsoft.Extensions.FileProviders.Abstractions": "8.0.0",
          "Microsoft.Extensions.Logging.Abstractions": "8.0.2",
          "System.Diagnostics.DiagnosticSource": "8.0.1",
          "System.Threading.Tasks.Extensions": "4.6.0"
        }
      },
      "Microsoft.NET.Test.Sdk": {
        "type": "Direct",
        "requested": "[17.14.0, )",
        "resolved": "17.14.0",
        "contentHash": "rTtdOm6C96q9QgP3mS8nUGPGPh5Xm2HnBYJggNmNrJ3LDmX9lJuUIgnJEfvX6wSQY4swUMiCcIXd3OkjhYCgtw==",
        "dependencies": {
          "Microsoft.CodeCoverage": "17.14.0",
          "Microsoft.TestPlatform.TestHost": "17.14.0"
        }
      },
      "NUnit": {
        "type": "Direct",
        "requested": "[3.14.0, )",
        "resolved": "3.14.0",
        "contentHash": "R7iPwD7kbOaP3o2zldWJbWeMQAvDKD0uld27QvA3PAALl1unl7x0v2J7eGiJOYjimV/BuGT4VJmr45RjS7z4LA==",
        "dependencies": {
          "NETStandard.Library": "2.0.0"
        }
      },
      "NUnit.Analyzers": {
        "type": "Direct",
        "requested": "[4.8.0, )",
        "resolved": "4.8.0",
        "contentHash": "Drakg436nBH0UZr5CuMaZKQKYBwgDdgsfAq6NlTVI0bNnsgy+oS5z+EHyLYeTaBwCtSg7RrduJSsGJlCb0xS2Q=="
      },
      "NUnit3TestAdapter": {
        "type": "Direct",
        "requested": "[5.0.0, )",
        "resolved": "5.0.0",
        "contentHash": "sy4cLoUAdE6TDM4wNX5gmNCyhMev5wUz4cA6ZRf/aON9vf9t4xTVGLj/4huhDKcS4dFfmVVcgcP70yC7WC9kKg==",
        "dependencies": {
          "Microsoft.Testing.Extensions.VSTestBridge": "1.5.3",
          "Microsoft.Testing.Platform.MSBuild": "1.5.3"
        }
      },
      "PolySharp": {
        "type": "Direct",
        "requested": "[1.15.0, )",
        "resolved": "1.15.0",
        "contentHash": "FbU0El+EEjdpuIX4iDbeS7ki1uzpJPx8vbqOzEtqnl1GZeAGJfq+jCbxeJL2y0EPnUNk8dRnnqR2xnYXg9Tf+g=="
      },
      "SonarAnalyzer.CSharp": {
        "type": "Direct",
        "requested": "[10.10.0.116381, )",
        "resolved": "10.10.0.116381",
        "contentHash": "HkJuI8dBE64BF7ySlfN8t/lQ91E/pgiQPvOS51lIKKy3/IJiwHHqQ4dkI6gixDkKBDK7lImvvNa0ECH+I0PqmA=="
      },
      "System.Collections.Immutable": {
        "type": "Direct",
        "requested": "[9.0.5, )",
        "resolved": "9.0.5",
        "contentHash": "lVPwqkFWucEB13zcXpvMCmG+xp0HTSxVyAiG7c0AC8qsQ1ZaC5O8evb9QGR6PKmJZch3VuFKnzkl+SA78dvjeA=="
      },
      "Microsoft.ApplicationInsights": {
        "type": "Transitive",
        "resolved": "2.22.0",
        "contentHash": "3AOM9bZtku7RQwHyMEY3tQMrHIgjcfRDa6YQpd/QG2LDGvMydSlL9Di+8LLMt7J2RDdfJ7/2jdYv6yHcMJAnNw==",
        "dependencies": {
          "System.Diagnostics.DiagnosticSource": "5.0.0"
        }
      },
      "Microsoft.AspNetCore.Authentication.Abstractions": {
        "type": "Transitive",
        "resolved": "2.3.0",
        "contentHash": "ve6uvLwKNRkfnO/QeN9M8eUJ49lCnWv/6/9p6iTEuiI6Rtsz+myaBAjdMzLuTViQY032xbTF5AdZF5BJzJJyXQ==",
        "dependencies": {
          "Microsoft.AspNetCore.Http.Abstractions": "2.3.0",
          "Microsoft.Extensions.Logging.Abstractions": "8.0.2",
          "Microsoft.Extensions.Options": "8.0.2"
        }
      },
      "Microsoft.AspNetCore.Authentication.Core": {
        "type": "Transitive",
        "resolved": "2.3.0",
        "contentHash": "gnLnKGawBjqBnU9fEuel3VcYAARkjyONAliaGDfMc8o8HBtfh+HrOPEoR8Xx4b2RnMb7uxdBDOvEAC7sul79ig==",
        "dependencies": {
          "Microsoft.AspNetCore.Authentication.Abstractions": "2.3.0",
          "Microsoft.AspNetCore.Http": "2.3.0",
          "Microsoft.AspNetCore.Http.Extensions": "2.3.0"
        }
      },
      "Microsoft.AspNetCore.Authorization": {
        "type": "Transitive",
        "resolved": "2.3.0",
        "contentHash": "2/aBgLqBXva/+w8pzRNY8ET43Gi+dr1gv/7ySfbsh23lTK6IAgID5MGUEa1hreNIF+0XpW4tX7QwVe70+YvaPg==",
        "dependencies": {
          "Microsoft.Extensions.Logging.Abstractions": "8.0.2",
          "Microsoft.Extensions.Options": "8.0.2"
        }
      },
      "Microsoft.AspNetCore.Authorization.Policy": {
        "type": "Transitive",
        "resolved": "2.3.0",
        "contentHash": "vn31uQ1dA1MIV2WNNDOOOm88V5KgR9esfi0LyQ6eVaGq2h0Yw+R29f5A6qUNJt+RccS3qkYayylAy9tP1wV+7Q==",
        "dependencies": {
          "Microsoft.AspNetCore.Authentication.Abstractions": "2.3.0",
          "Microsoft.AspNetCore.Authorization": "2.3.0"
        }
      },
      "Microsoft.AspNetCore.Hosting.Abstractions": {
        "type": "Transitive",
        "resolved": "2.3.0",
        "contentHash": "4ivq53W2k6Nj4eez9wc81ytfGj6HR1NaZJCpOrvghJo9zHuQF57PLhPoQH5ItyCpHXnrN/y7yJDUm+TGYzrx0w==",
        "dependencies": {
          "Microsoft.AspNetCore.Hosting.Server.Abstractions": "2.3.0",
          "Microsoft.AspNetCore.Http.Abstractions": "2.3.0",
          "Microsoft.Extensions.Hosting.Abstractions": "8.0.1"
        }
      },
      "Microsoft.AspNetCore.Hosting.Server.Abstractions": {
        "type": "Transitive",
        "resolved": "2.3.0",
        "contentHash": "F5iHx7odAbFKBV1DNPDkFFcVmD5Tk7rk+tYm3LMQxHEFFdjlg5QcYb5XhHAefl5YaaPeG6ad+/ck8kSG3/D6kw==",
        "dependencies": {
          "Microsoft.AspNetCore.Http.Features": "2.3.0",
          "Microsoft.Extensions.Configuration.Abstractions": "8.0.0"
        }
      },
      "Microsoft.AspNetCore.Http": {
        "type": "Transitive",
        "resolved": "2.3.0",
        "contentHash": "I9azEG2tZ4DDHAFgv+N38e6Yhttvf+QjE2j2UYyCACE7Swm5/0uoihCMWZ87oOZYeqiEFSxbsfpT71OYHe2tpw==",
        "dependencies": {
          "Microsoft.AspNetCore.Http.Abstractions": "2.3.0",
          "Microsoft.AspNetCore.WebUtilities": "2.3.0",
          "Microsoft.Extensions.ObjectPool": "8.0.11",
          "Microsoft.Extensions.Options": "8.0.2",
          "Microsoft.Net.Http.Headers": "2.3.0"
        }
      },
      "Microsoft.AspNetCore.Http.Abstractions": {
        "type": "Transitive",
        "resolved": "2.3.0",
        "contentHash": "39r9PPrjA6s0blyFv5qarckjNkaHRA5B+3b53ybuGGNTXEj1/DStQJ4NWjFL6QTRQpL9zt7nDyKxZdJOlcnq+Q==",
        "dependencies": {
          "Microsoft.AspNetCore.Http.Features": "2.3.0",
          "System.Text.Encodings.Web": "8.0.0"
        }
      },
      "Microsoft.AspNetCore.Http.Extensions": {
        "type": "Transitive",
        "resolved": "2.3.0",
        "contentHash": "EY2u/wFF5jsYwGXXswfQWrSsFPmiXsniAlUWo3rv/MGYf99ZFsENDnZcQP6W3c/+xQmQXq0NauzQ7jyy+o1LDQ==",
        "dependencies": {
          "Microsoft.AspNetCore.Http.Abstractions": "2.3.0",
          "Microsoft.Extensions.FileProviders.Abstractions": "8.0.0",
          "Microsoft.Net.Http.Headers": "2.3.0",
          "System.Buffers": "4.6.0"
        }
      },
      "Microsoft.AspNetCore.Http.Features": {
        "type": "Transitive",
        "resolved": "2.3.0",
        "contentHash": "f10WUgcsKqrkmnz6gt8HeZ7kyKjYN30PO7cSic1lPtH7paPtnQqXPOveul/SIPI43PhRD4trttg4ywnrEmmJpA==",
        "dependencies": {
          "Microsoft.Extensions.Primitives": "8.0.0"
        }
      },
      "Microsoft.AspNetCore.ResponseCaching.Abstractions": {
        "type": "Transitive",
        "resolved": "2.3.0",
        "contentHash": "VTqhxnUiawKS22fss5fr/NMJ4MVQHFUgqyWOIaJ9pUY+jmYGCAa+VYfB5DLJYmsD4AhdKnlO6I9lML5tUbDNNA==",
        "dependencies": {
          "Microsoft.Extensions.Primitives": "8.0.0"
        }
      },
      "Microsoft.AspNetCore.Routing": {
        "type": "Transitive",
        "resolved": "2.3.0",
        "contentHash": "no5/VC0CAQuT4PK4rp2K5fqwuSfzr2mdB6m1XNfWVhHnwzpRQzKAu9flChiT/JTLKwVI0Vq2MSmSW2OFMDCNXg==",
        "dependencies": {
          "Microsoft.AspNetCore.Http.Extensions": "2.3.0",
          "Microsoft.AspNetCore.Routing.Abstractions": "2.3.0",
          "Microsoft.Extensions.Logging.Abstractions": "8.0.2",
          "Microsoft.Extensions.ObjectPool": "8.0.11",
          "Microsoft.Extensions.Options": "8.0.2"
        }
      },
      "Microsoft.AspNetCore.Routing.Abstractions": {
        "type": "Transitive",
        "resolved": "2.3.0",
        "contentHash": "ZkFpUrSmp6TocxZLBEX3IBv5dPMbQuMs6L/BPl0WRfn32UVOtNYJQ0bLdh3cL9LMV0rmTW/5R0w8CBYxr0AOUw==",
        "dependencies": {
          "Microsoft.AspNetCore.Http.Abstractions": "2.3.0"
        }
      },
      "Microsoft.AspNetCore.WebUtilities": {
        "type": "Transitive",
        "resolved": "2.3.0",
        "contentHash": "trbXdWzoAEUVd0PE2yTopkz4kjZaAIA7xUWekd5uBw+7xE8Do/YOVTeb9d9koPTlbtZT539aESJjSLSqD8eYrQ==",
        "dependencies": {
          "Microsoft.Net.Http.Headers": "2.3.0",
          "System.Text.Encodings.Web": "8.0.0"
        }
      },
      "Microsoft.CodeCoverage": {
        "type": "Transitive",
        "resolved": "17.14.0",
        "contentHash": "z2GYXGG6LjGoumT59xSB2dMnqSwQBjkxdDJmSJHwy5nPtZ435GXa6wj5hz/lRrAZ7NyXXxZNXVsiHXzHRru5eA=="
      },
      "Microsoft.DotNet.PlatformAbstractions": {
        "type": "Transitive",
        "resolved": "2.1.0",
        "contentHash": "9KPDwvb/hLEVXYruVHVZ8BkebC8j17DmPb56LnqRF74HqSPLjCkrlFUjOtFpQPA2DeADBRTI/e69aCfRBfrhxw==",
        "dependencies": {
          "System.AppContext": "4.1.0",
          "System.Collections": "4.0.11",
          "System.IO": "4.1.0",
          "System.IO.FileSystem": "4.0.1",
          "System.Reflection.TypeExtensions": "4.1.0",
          "System.Runtime.Extensions": "4.1.0",
          "System.Runtime.InteropServices": "4.1.0",
          "System.Runtime.InteropServices.RuntimeInformation": "4.0.0"
        }
      },
      "Microsoft.Extensions.Configuration.Abstractions": {
        "type": "Transitive",
        "resolved": "8.0.0",
        "contentHash": "3lE/iLSutpgX1CC0NOW70FJoGARRHbyKmG7dc0klnUZ9Dd9hS6N/POPWhKhMLCEuNN5nXEY5agmlFtH562vqhQ==",
        "dependencies": {
          "Microsoft.Extensions.Primitives": "8.0.0"
        }
      },
      "Microsoft.Extensions.DependencyInjection": {
        "type": "Transitive",
        "resolved": "8.0.1",
        "contentHash": "BmANAnR5Xd4Oqw7yQ75xOAYODybZQRzdeNucg7kS5wWKd2PNnMdYtJ2Vciy0QLylRmv42DGl5+AFL9izA6F1Rw==",
        "dependencies": {
          "Microsoft.Extensions.DependencyInjection.Abstractions": "8.0.2"
        }
      },
      "Microsoft.Extensions.DependencyInjection.Abstractions": {
        "type": "Transitive",
        "resolved": "8.0.2",
        "contentHash": "3iE7UF7MQkCv1cxzCahz+Y/guQbTqieyxyaWKhrRO91itI9cOKO76OHeQDahqG4MmW5umr3CcCvGmK92lWNlbg=="
      },
      "Microsoft.Extensions.DependencyModel": {
        "type": "Transitive",
        "resolved": "2.1.0",
        "contentHash": "nS2XKqi+1A1umnYNLX2Fbm/XnzCxs5i+zXVJ3VC6r9t2z0NZr9FLnJN4VQpKigdcWH/iFTbMuX6M6WQJcTjVIg==",
        "dependencies": {
          "Microsoft.DotNet.PlatformAbstractions": "2.1.0",
          "Newtonsoft.Json": "9.0.1",
          "System.Diagnostics.Debug": "4.0.11",
          "System.Dynamic.Runtime": "4.0.11",
          "System.Linq": "4.1.0"
        }
      },
      "Microsoft.Extensions.Diagnostics.Abstractions": {
        "type": "Transitive",
        "resolved": "8.0.1",
        "contentHash": "elH2vmwNmsXuKmUeMQ4YW9ldXiF+gSGDgg1vORksob5POnpaI6caj1Hu8zaYbEuibhqCoWg0YRWDazBY3zjBfg==",
        "dependencies": {
          "Microsoft.Extensions.DependencyInjection.Abstractions": "8.0.2",
          "Microsoft.Extensions.Options": "8.0.2"
        }
      },
      "Microsoft.Extensions.FileProviders.Abstractions": {
        "type": "Transitive",
        "resolved": "8.0.0",
        "contentHash": "ZbaMlhJlpisjuWbvXr4LdAst/1XxH3vZ6A0BsgTphZ2L4PGuxRLz7Jr/S7mkAAnOn78Vu0fKhEgNF5JO3zfjqQ==",
        "dependencies": {
          "Microsoft.Extensions.Primitives": "8.0.0"
        }
      },
      "Microsoft.Extensions.Hosting.Abstractions": {
        "type": "Transitive",
        "resolved": "8.0.1",
        "contentHash": "nHwq9aPBdBPYXPti6wYEEfgXddfBrYC+CQLn+qISiwQq5tpfaqDZSKOJNxoe9rfQxGf1c+2wC/qWFe1QYJPYqw==",
        "dependencies": {
          "Microsoft.Extensions.Configuration.Abstractions": "8.0.0",
          "Microsoft.Extensions.DependencyInjection.Abstractions": "8.0.2",
          "Microsoft.Extensions.Diagnostics.Abstractions": "8.0.1",
          "Microsoft.Extensions.FileProviders.Abstractions": "8.0.0",
          "Microsoft.Extensions.Logging.Abstractions": "8.0.2"
        }
      },
      "Microsoft.Extensions.Logging.Abstractions": {
        "type": "Transitive",
        "resolved": "8.0.2",
        "contentHash": "nroMDjS7hNBPtkZqVBbSiQaQjWRDxITI8Y7XnDs97rqG3EbzVTNLZQf7bIeUJcaHOV8bca47s1Uxq94+2oGdxA==",
        "dependencies": {
          "Microsoft.Extensions.DependencyInjection.Abstractions": "8.0.2"
        }
      },
      "Microsoft.Extensions.ObjectPool": {
        "type": "Transitive",
        "resolved": "8.0.11",
        "contentHash": "6ApKcHNJigXBfZa6XlDQ8feJpq7SG1ogZXg6M4FiNzgd6irs3LUAzo0Pfn4F2ZI9liGnH1XIBR/OtSbZmJAV5w=="
      },
      "Microsoft.Extensions.Options": {
        "type": "Transitive",
        "resolved": "8.0.2",
        "contentHash": "dWGKvhFybsaZpGmzkGCbNNwBD1rVlWzrZKANLW/CcbFJpCEceMCGzT7zZwHOGBCbwM0SzBuceMj5HN1LKV1QqA==",
        "dependencies": {
          "Microsoft.Extensions.DependencyInjection.Abstractions": "8.0.0",
          "Microsoft.Extensions.Primitives": "8.0.0"
        }
      },
      "Microsoft.Extensions.Primitives": {
        "type": "Transitive",
        "resolved": "8.0.0",
        "contentHash": "bXJEZrW9ny8vjMF1JV253WeLhpEVzFo1lyaZu1vQ4ZxWUlVvknZ/+ftFgVheLubb4eZPSwwxBeqS1JkCOjxd8g=="
      },
      "Microsoft.Net.Http.Headers": {
        "type": "Transitive",
        "resolved": "2.3.0",
        "contentHash": "/M0wVg6tJUOHutWD3BMOUVZAioJVXe0tCpFiovzv0T9T12TBf4MnaHP0efO8TCr1a6O9RZgQeZ9Gdark8L9XdA==",
        "dependencies": {
          "Microsoft.Extensions.Primitives": "8.0.0",
          "System.Buffers": "4.6.0"
        }
      },
      "Microsoft.NETCore.Platforms": {
        "type": "Transitive",
        "resolved": "1.1.0",
        "contentHash": "kz0PEW2lhqygehI/d6XsPCQzD7ff7gUJaVGPVETX611eadGsA3A877GdSlU0LRVMCTH/+P3o2iDTak+S08V2+A=="
      },
      "Microsoft.NETCore.Targets": {
        "type": "Transitive",
        "resolved": "1.0.1",
        "contentHash": "rkn+fKobF/cbWfnnfBOQHKVKIOpxMZBvlSHkqDWgBpwGDcLRduvs3D9OLGeV6GWGvVwNlVi2CBbTjuPmtHvyNw=="
      },
      "Microsoft.Testing.Extensions.Telemetry": {
        "type": "Transitive",
        "resolved": "1.5.3",
        "contentHash": "U9pGd5DQuX1PfkrdFI+xH34JGgQ2nes5QAwIITTk+MQfLvRITqsZjJeHTjpGWh33D/0q1l7aA8/LQHR7UuCgLQ==",
        "dependencies": {
          "Microsoft.ApplicationInsights": "2.22.0",
          "Microsoft.Testing.Platform": "1.5.3"
        }
      },
      "Microsoft.Testing.Extensions.TrxReport.Abstractions": {
        "type": "Transitive",
        "resolved": "1.5.3",
        "contentHash": "h34zKNpGyni66VH738mRHeXSnf3klSShUdavUWNhSfWICUUi5aXeI0LBvoX/ad93N0+9xBDU3Fyi6WfxrwKQGw==",
        "dependencies": {
          "Microsoft.Testing.Platform": "1.5.3"
        }
      },
      "Microsoft.Testing.Extensions.VSTestBridge": {
        "type": "Transitive",
        "resolved": "1.5.3",
        "contentHash": "cJD67YfDT98wEWyazKVD/yPVW6+H1usXeuselCnRes7JZBTIYWtrCchcOzOahnmajT79eDKqt9sta7DXwTDU4Q==",
        "dependencies": {
          "Microsoft.ApplicationInsights": "2.22.0",
          "Microsoft.TestPlatform.ObjectModel": "17.12.0",
          "Microsoft.Testing.Extensions.Telemetry": "1.5.3",
          "Microsoft.Testing.Extensions.TrxReport.Abstractions": "1.5.3",
          "Microsoft.Testing.Platform": "1.5.3"
        }
      },
      "Microsoft.Testing.Platform": {
        "type": "Transitive",
        "resolved": "1.5.3",
        "contentHash": "WqJydnJ99dEKtquR9HwINz104ehWJKTXbQQrydGatlLRw14bmsx0pa8+E6KUXMYXZAimN0swWlDmcJGjjW4TIg=="
      },
      "Microsoft.Testing.Platform.MSBuild": {
        "type": "Transitive",
        "resolved": "1.5.3",
        "contentHash": "bOtpRMSPeT5YLQo+NNY8EtdNTphAUcmALjW4ABU7P0rb6yR2XAZau3TzNieLmR3lRuwudguWzzBhgcLRXwZh0A==",
        "dependencies": {
          "Microsoft.Testing.Platform": "1.5.3"
        }
      },
      "Microsoft.TestPlatform.ObjectModel": {
        "type": "Transitive",
        "resolved": "17.14.0",
        "contentHash": "3h7y7f/HuY8jdZa163p/55VmGw/fYJwrI8FOtsp4aEQAJaPgBr5LBS25uOfBwRYI95QDiByfaqSPBcWEvuHEwA==",
        "dependencies": {
          "System.Reflection.Metadata": "8.0.0"
        }
      },
      "Microsoft.TestPlatform.TestHost": {
        "type": "Transitive",
        "resolved": "17.14.0",
        "contentHash": "8htQBKM92s/NXUI/U0/CKKLlvlDfWIo3/mbnY/GS/2XLkBGNIVQufmUpDIzznaZqUpdzspGSsJcLhVN8aRoMaA==",
        "dependencies": {
          "Microsoft.TestPlatform.ObjectModel": "17.14.0",
          "Newtonsoft.Json": "13.0.3"
        }
      },
      "NETStandard.Library": {
        "type": "Transitive",
        "resolved": "2.0.0",
        "contentHash": "7jnbRU+L08FXKMxqUflxEXtVymWvNOrS8yHgu9s6EM8Anr6T/wIX4nZ08j/u3Asz+tCufp3YVwFSEvFTPYmBPA==",
        "dependencies": {
          "Microsoft.NETCore.Platforms": "1.1.0"
        }
      },
      "runtime.native.System": {
        "type": "Transitive",
        "resolved": "4.0.0",
        "contentHash": "QfS/nQI7k/BLgmLrw7qm7YBoULEvgWnPI+cYsbfCVFTW8Aj+i8JhccxcFMu1RWms0YZzF+UHguNBK4Qn89e2Sg==",
        "dependencies": {
          "Microsoft.NETCore.Platforms": "1.0.1",
          "Microsoft.NETCore.Targets": "1.0.1"
        }
      },
      "System.AppContext": {
        "type": "Transitive",
        "resolved": "4.1.0",
        "contentHash": "3QjO4jNV7PdKkmQAVp9atA+usVnKRwI3Kx1nMwJ93T0LcQfx7pKAYk0nKz5wn1oP5iqlhZuy6RXOFdhr7rDwow==",
        "dependencies": {
          "System.Runtime": "4.1.0"
        }
      },
      "System.Buffers": {
        "type": "Transitive",
        "resolved": "4.6.0",
        "contentHash": "lN6tZi7Q46zFzAbRYXTIvfXcyvQQgxnY7Xm6C6xQ9784dEL1amjM6S6Iw4ZpsvesAKnRVsM4scrDQaDqSClkjA=="
      },
      "System.Collections": {
        "type": "Transitive",
        "resolved": "4.0.11",
        "contentHash": "YUJGz6eFKqS0V//mLt25vFGrrCvOnsXjlvFQs+KimpwNxug9x0Pzy4PlFMU3Q2IzqAa9G2L4LsK3+9vCBK7oTg==",
        "dependencies": {
          "Microsoft.NETCore.Platforms": "1.0.1",
          "Microsoft.NETCore.Targets": "1.0.1",
          "System.Runtime": "4.1.0"
        }
      },
      "System.Diagnostics.Debug": {
        "type": "Transitive",
        "resolved": "4.0.11",
        "contentHash": "w5U95fVKHY4G8ASs/K5iK3J5LY+/dLFd4vKejsnI/ZhBsWS9hQakfx3Zr7lRWKg4tAw9r4iktyvsTagWkqYCiw==",
        "dependencies": {
          "Microsoft.NETCore.Platforms": "1.0.1",
          "Microsoft.NETCore.Targets": "1.0.1",
          "System.Runtime": "4.1.0"
        }
      },
      "System.Diagnostics.DiagnosticSource": {
        "type": "Transitive",
        "resolved": "8.0.1",
        "contentHash": "vaoWjvkG1aenR2XdjaVivlCV9fADfgyhW5bZtXT23qaEea0lWiUljdQuze4E31vKM7ZWJaSUsbYIKE3rnzfZUg=="
      },
      "System.Dynamic.Runtime": {
        "type": "Transitive",
        "resolved": "4.0.11",
        "contentHash": "db34f6LHYM0U0JpE+sOmjar27BnqTVkbLJhgfwMpTdgTigG/Hna3m2MYVwnFzGGKnEJk2UXFuoVTr8WUbU91/A==",
        "dependencies": {
          "System.Collections": "4.0.11",
          "System.Diagnostics.Debug": "4.0.11",
          "System.Globalization": "4.0.11",
          "System.Linq": "4.1.0",
          "System.Linq.Expressions": "4.1.0",
          "System.ObjectModel": "4.0.12",
          "System.Reflection": "4.1.0",
          "System.Reflection.Emit": "4.0.1",
          "System.Reflection.Emit.ILGeneration": "4.0.1",
          "System.Reflection.Primitives": "4.0.1",
          "System.Reflection.TypeExtensions": "4.1.0",
          "System.Resources.ResourceManager": "4.0.1",
          "System.Runtime": "4.1.0",
          "System.Runtime.Extensions": "4.1.0",
          "System.Threading": "4.0.11"
        }
      },
      "System.Globalization": {
        "type": "Transitive",
        "resolved": "4.0.11",
        "contentHash": "B95h0YLEL2oSnwF/XjqSWKnwKOy/01VWkNlsCeMTFJLLabflpGV26nK164eRs5GiaRSBGpOxQ3pKoSnnyZN5pg==",
        "dependencies": {
          "Microsoft.NETCore.Platforms": "1.0.1",
          "Microsoft.NETCore.Targets": "1.0.1",
          "System.Runtime": "4.1.0"
        }
      },
      "System.IO": {
        "type": "Transitive",
        "resolved": "4.1.0",
        "contentHash": "3KlTJceQc3gnGIaHZ7UBZO26SHL1SHE4ddrmiwumFnId+CEHP+O8r386tZKaE6zlk5/mF8vifMBzHj9SaXN+mQ==",
        "dependencies": {
          "Microsoft.NETCore.Platforms": "1.0.1",
          "Microsoft.NETCore.Targets": "1.0.1",
          "System.Runtime": "4.1.0",
          "System.Text.Encoding": "4.0.11",
          "System.Threading.Tasks": "4.0.11"
        }
      },
      "System.IO.FileSystem": {
        "type": "Transitive",
        "resolved": "4.0.1",
        "contentHash": "IBErlVq5jOggAD69bg1t0pJcHaDbJbWNUZTPI96fkYWzwYbN6D9wRHMULLDd9dHsl7C2YsxXL31LMfPI1SWt8w==",
        "dependencies": {
          "Microsoft.NETCore.Platforms": "1.0.1",
          "Microsoft.NETCore.Targets": "1.0.1",
          "System.IO": "4.1.0",
          "System.IO.FileSystem.Primitives": "4.0.1",
          "System.Runtime": "4.1.0",
          "System.Runtime.Handles": "4.0.1",
          "System.Text.Encoding": "4.0.11",
          "System.Threading.Tasks": "4.0.11"
        }
      },
      "System.IO.FileSystem.Primitives": {
        "type": "Transitive",
        "resolved": "4.0.1",
        "contentHash": "kWkKD203JJKxJeE74p8aF8y4Qc9r9WQx4C0cHzHPrY3fv/L/IhWnyCHaFJ3H1QPOH6A93whlQ2vG5nHlBDvzWQ==",
        "dependencies": {
          "System.Runtime": "4.1.0"
        }
      },
      "System.Linq": {
        "type": "Transitive",
        "resolved": "4.1.0",
        "contentHash": "bQ0iYFOQI0nuTnt+NQADns6ucV4DUvMdwN6CbkB1yj8i7arTGiTN5eok1kQwdnnNWSDZfIUySQY+J3d5KjWn0g==",
        "dependencies": {
          "System.Collections": "4.0.11",
          "System.Diagnostics.Debug": "4.0.11",
          "System.Resources.ResourceManager": "4.0.1",
          "System.Runtime": "4.1.0",
          "System.Runtime.Extensions": "4.1.0"
        }
      },
      "System.Linq.Expressions": {
        "type": "Transitive",
        "resolved": "4.1.0",
        "contentHash": "I+y02iqkgmCAyfbqOmSDOgqdZQ5tTj80Akm5BPSS8EeB0VGWdy6X1KCoYe8Pk6pwDoAKZUOdLVxnTJcExiv5zw==",
        "dependencies": {
          "System.Collections": "4.0.11",
          "System.Diagnostics.Debug": "4.0.11",
          "System.Globalization": "4.0.11",
          "System.IO": "4.1.0",
          "System.Linq": "4.1.0",
          "System.ObjectModel": "4.0.12",
          "System.Reflection": "4.1.0",
          "System.Reflection.Emit": "4.0.1",
          "System.Reflection.Emit.ILGeneration": "4.0.1",
          "System.Reflection.Emit.Lightweight": "4.0.1",
          "System.Reflection.Extensions": "4.0.1",
          "System.Reflection.Primitives": "4.0.1",
          "System.Reflection.TypeExtensions": "4.1.0",
          "System.Resources.ResourceManager": "4.0.1",
          "System.Runtime": "4.1.0",
          "System.Runtime.Extensions": "4.1.0",
          "System.Threading": "4.0.11"
        }
      },
      "System.ObjectModel": {
        "type": "Transitive",
        "resolved": "4.0.12",
        "contentHash": "tAgJM1xt3ytyMoW4qn4wIqgJYm7L7TShRZG4+Q4Qsi2PCcj96pXN7nRywS9KkB3p/xDUjc2HSwP9SROyPYDYKQ==",
        "dependencies": {
          "System.Collections": "4.0.11",
          "System.Diagnostics.Debug": "4.0.11",
          "System.Resources.ResourceManager": "4.0.1",
          "System.Runtime": "4.1.0",
          "System.Threading": "4.0.11"
        }
      },
      "System.Reflection": {
        "type": "Transitive",
        "resolved": "4.1.0",
        "contentHash": "JCKANJ0TI7kzoQzuwB/OoJANy1Lg338B6+JVacPl4TpUwi3cReg3nMLplMq2uqYfHFQpKIlHAUVAJlImZz/4ng==",
        "dependencies": {
          "Microsoft.NETCore.Platforms": "1.0.1",
          "Microsoft.NETCore.Targets": "1.0.1",
          "System.IO": "4.1.0",
          "System.Reflection.Primitives": "4.0.1",
          "System.Runtime": "4.1.0"
        }
      },
      "System.Reflection.Emit": {
        "type": "Transitive",
        "resolved": "4.0.1",
        "contentHash": "P2wqAj72fFjpP6wb9nSfDqNBMab+2ovzSDzUZK7MVIm54tBJEPr9jWfSjjoTpPwj1LeKcmX3vr0ttyjSSFM47g==",
        "dependencies": {
          "System.IO": "4.1.0",
          "System.Reflection": "4.1.0",
          "System.Reflection.Emit.ILGeneration": "4.0.1",
          "System.Reflection.Primitives": "4.0.1",
          "System.Runtime": "4.1.0"
        }
      },
      "System.Reflection.Emit.ILGeneration": {
        "type": "Transitive",
        "resolved": "4.0.1",
        "contentHash": "Ov6dU8Bu15Bc7zuqttgHF12J5lwSWyTf1S+FJouUXVMSqImLZzYaQ+vRr1rQ0OZ0HqsrwWl4dsKHELckQkVpgA==",
        "dependencies": {
          "System.Reflection": "4.1.0",
          "System.Reflection.Primitives": "4.0.1",
          "System.Runtime": "4.1.0"
        }
      },
      "System.Reflection.Emit.Lightweight": {
        "type": "Transitive",
        "resolved": "4.0.1",
        "contentHash": "sSzHHXueZ5Uh0OLpUQprhr+ZYJrLPA2Cmr4gn0wj9+FftNKXx8RIMKvO9qnjk2ebPYUjZ+F2ulGdPOsvj+MEjA==",
        "dependencies": {
          "System.Reflection": "4.1.0",
          "System.Reflection.Emit.ILGeneration": "4.0.1",
          "System.Reflection.Primitives": "4.0.1",
          "System.Runtime": "4.1.0"
        }
      },
      "System.Reflection.Extensions": {
        "type": "Transitive",
        "resolved": "4.0.1",
        "contentHash": "GYrtRsZcMuHF3sbmRHfMYpvxZoIN2bQGrYGerUiWLEkqdEUQZhH3TRSaC/oI4wO0II1RKBPlpIa1TOMxIcOOzQ==",
        "dependencies": {
          "Microsoft.NETCore.Platforms": "1.0.1",
          "Microsoft.NETCore.Targets": "1.0.1",
          "System.Reflection": "4.1.0",
          "System.Runtime": "4.1.0"
        }
      },
      "System.Reflection.Metadata": {
        "type": "Transitive",
        "resolved": "8.0.0",
        "contentHash": "ptvgrFh7PvWI8bcVqG5rsA/weWM09EnthFHR5SCnS6IN+P4mj6rE1lBDC4U8HL9/57htKAqy4KQ3bBj84cfYyQ==",
        "dependencies": {
          "System.Collections.Immutable": "8.0.0"
        }
      },
      "System.Reflection.Primitives": {
        "type": "Transitive",
        "resolved": "4.0.1",
        "contentHash": "4inTox4wTBaDhB7V3mPvp9XlCbeGYWVEM9/fXALd52vNEAVisc1BoVWQPuUuD0Ga//dNbA/WeMy9u9mzLxGTHQ==",
        "dependencies": {
          "Microsoft.NETCore.Platforms": "1.0.1",
          "Microsoft.NETCore.Targets": "1.0.1",
          "System.Runtime": "4.1.0"
        }
      },
      "System.Reflection.TypeExtensions": {
        "type": "Transitive",
        "resolved": "4.1.0",
        "contentHash": "tsQ/ptQ3H5FYfON8lL4MxRk/8kFyE0A+tGPXmVP967cT/gzLHYxIejIYSxp4JmIeFHVP78g/F2FE1mUUTbDtrg==",
        "dependencies": {
          "System.Reflection": "4.1.0",
          "System.Runtime": "4.1.0"
        }
      },
      "System.Resources.ResourceManager": {
        "type": "Transitive",
        "resolved": "4.0.1",
        "contentHash": "TxwVeUNoTgUOdQ09gfTjvW411MF+w9MBYL7AtNVc+HtBCFlutPLhUCdZjNkjbhj3bNQWMdHboF0KIWEOjJssbA==",
        "dependencies": {
          "Microsoft.NETCore.Platforms": "1.0.1",
          "Microsoft.NETCore.Targets": "1.0.1",
          "System.Globalization": "4.0.11",
          "System.Reflection": "4.1.0",
          "System.Runtime": "4.1.0"
        }
      },
      "System.Runtime": {
        "type": "Transitive",
        "resolved": "4.1.0",
        "contentHash": "v6c/4Yaa9uWsq+JMhnOFewrYkgdNHNG2eMKuNqRn8P733rNXeRCGvV5FkkjBXn2dbVkPXOsO0xjsEeM1q2zC0g==",
        "dependencies": {
          "Microsoft.NETCore.Platforms": "1.0.1",
          "Microsoft.NETCore.Targets": "1.0.1"
        }
      },
      "System.Runtime.Extensions": {
        "type": "Transitive",
        "resolved": "4.1.0",
        "contentHash": "CUOHjTT/vgP0qGW22U4/hDlOqXmcPq5YicBaXdUR2UiUoLwBT+olO6we4DVbq57jeX5uXH2uerVZhf0qGj+sVQ==",
        "dependencies": {
          "Microsoft.NETCore.Platforms": "1.0.1",
          "Microsoft.NETCore.Targets": "1.0.1",
          "System.Runtime": "4.1.0"
        }
      },
      "System.Runtime.Handles": {
        "type": "Transitive",
        "resolved": "4.0.1",
        "contentHash": "nCJvEKguXEvk2ymk1gqj625vVnlK3/xdGzx0vOKicQkoquaTBJTP13AIYkocSUwHCLNBwUbXTqTWGDxBTWpt7g==",
        "dependencies": {
          "Microsoft.NETCore.Platforms": "1.0.1",
          "Microsoft.NETCore.Targets": "1.0.1",
          "System.Runtime": "4.1.0"
        }
      },
      "System.Runtime.InteropServices": {
        "type": "Transitive",
        "resolved": "4.1.0",
        "contentHash": "16eu3kjHS633yYdkjwShDHZLRNMKVi/s0bY8ODiqJ2RfMhDMAwxZaUaWVnZ2P71kr/or+X9o/xFWtNqz8ivieQ==",
        "dependencies": {
          "Microsoft.NETCore.Platforms": "1.0.1",
          "Microsoft.NETCore.Targets": "1.0.1",
          "System.Reflection": "4.1.0",
          "System.Reflection.Primitives": "4.0.1",
          "System.Runtime": "4.1.0",
          "System.Runtime.Handles": "4.0.1"
        }
      },
      "System.Runtime.InteropServices.RuntimeInformation": {
        "type": "Transitive",
        "resolved": "4.0.0",
        "contentHash": "hWPhJxc453RCa8Z29O91EmfGeZIHX1ZH2A8L6lYQVSaKzku2DfArSfMEb1/MYYzPQRJZeu0c9dmYeJKxW5Fgng==",
        "dependencies": {
          "Microsoft.NETCore.Platforms": "1.0.1",
          "System.Reflection": "4.1.0",
          "System.Resources.ResourceManager": "4.0.1",
          "System.Runtime": "4.1.0",
          "System.Runtime.InteropServices": "4.1.0",
          "System.Threading": "4.0.11",
          "runtime.native.System": "4.0.0"
        }
      },
      "System.Text.Encoding": {
        "type": "Transitive",
        "resolved": "4.0.11",
        "contentHash": "U3gGeMlDZXxCEiY4DwVLSacg+DFWCvoiX+JThA/rvw37Sqrku7sEFeVBBBMBnfB6FeZHsyDx85HlKL19x0HtZA==",
        "dependencies": {
          "Microsoft.NETCore.Platforms": "1.0.1",
          "Microsoft.NETCore.Targets": "1.0.1",
          "System.Runtime": "4.1.0"
        }
      },
      "System.Threading": {
        "type": "Transitive",
        "resolved": "4.0.11",
        "contentHash": "N+3xqIcg3VDKyjwwCGaZ9HawG9aC6cSDI+s7ROma310GQo8vilFZa86hqKppwTHleR/G0sfOzhvgnUxWCR/DrQ==",
        "dependencies": {
          "System.Runtime": "4.1.0",
          "System.Threading.Tasks": "4.0.11"
        }
      },
      "System.Threading.Tasks": {
        "type": "Transitive",
        "resolved": "4.0.11",
        "contentHash": "k1S4Gc6IGwtHGT8188RSeGaX86Qw/wnrgNLshJvsdNUOPP9etMmo8S07c+UlOAx4K/xLuN9ivA1bD0LVurtIxQ==",
        "dependencies": {
          "Microsoft.NETCore.Platforms": "1.0.1",
          "Microsoft.NETCore.Targets": "1.0.1",
          "System.Runtime": "4.1.0"
        }
      },
      "System.Threading.Tasks.Extensions": {
        "type": "Transitive",
        "resolved": "4.6.0",
        "contentHash": "I5G6Y8jb0xRtGUC9Lahy7FUvlYlnGMMkbuKAQBy8Jb7Y6Yn8OlBEiUOY0PqZ0hy6Ua8poVA1ui1tAIiXNxGdsg=="
      },
      "qowaiv": {
        "type": "Project"
      },
      "qowaiv.aspnetcore.mvc.modelbinding": {
        "type": "Project",
        "dependencies": {
          "Microsoft.AspNetCore.Mvc.Abstractions": "[2.3.0, )",
          "Newtonsoft.Json": "[13.0.3, )",
          "Qowaiv": "[7.4.2, )",
          "System.Text.Encodings.Web": "[9.0.5, )"
        }
      },
      "qowaiv.testtools": {
        "type": "Project",
        "dependencies": {
          "Qowaiv": "[7.4.2, )"
        }
      },
      "Microsoft.AspNetCore.Mvc.Abstractions": {
        "type": "CentralTransitive",
        "requested": "[2.3.0, )",
        "resolved": "2.3.0",
        "contentHash": "xrF8Fh10hEAS6Qp967IgPqNw2iz3/3Q8FQo+Jowbytaj1JJN86p0z851hSH4XP/sFnI5gFu7mGdkplirAJMWPw==",
        "dependencies": {
          "Microsoft.AspNetCore.Routing.Abstractions": "2.3.0",
          "Microsoft.Net.Http.Headers": "2.3.0"
        }
      },
      "Newtonsoft.Json": {
        "type": "CentralTransitive",
        "requested": "[13.0.3, )",
        "resolved": "13.0.3",
        "contentHash": "HrC5BXdl00IP9zeV+0Z848QWPAoCr9P3bDEZguI+gkLcBKAOxix/tLEAAHC+UvDNPv4a2d18lOReHMOagPa+zQ=="
      },
      "System.Text.Encodings.Web": {
        "type": "CentralTransitive",
        "requested": "[9.0.5, )",
        "resolved": "9.0.5",
        "contentHash": "HJPmqP2FsE+WVUUlTsZ4IFRSyzw40yz0ubiTnsaqm+Xo5fFZhVRvx6Zn8tLXj92/6pbre6OA4QL2A2vnCSKxJA=="
      }
    }
  }
}