{
  "version": 2,
  "dependencies": {
    "net10.0": {
      "AsyncFixer": {
        "type": "Direct",
        "requested": "[2.1.0, )",
        "resolved": "2.1.0",
        "contentHash": "OOHNlH7GF39qk0Pv4cIQWA99hUh3nujDgGE2nADPpw88lD7s2qwlxEhuJIBfstC8ng3B1yY6SQy2JW/tddlMAQ=="
      },
      "DotNet.ReproducibleBuilds": {
        "type": "Direct",
        "requested": "[2.0.2, )",
        "resolved": "2.0.2",
        "contentHash": "VaHoEN6YHp0jXucxm67vfuRy8zo9ufiKSuaZ4ZudRi8xmWcEFMKxfCsg2nvYNvdISFTURDu+IHqADGh53+Bamw=="
      },
      "DotNetProjectFile.Analyzers": {
        "type": "Direct",
        "requested": "[1.14.1, )",
        "resolved": "1.14.1",
        "contentHash": "lGfhtsa3HBWDNnt1PhvBqqtQEQQrgi4WvB7uKbbq9X069RMqzhWe+7h7TCp7vzAt6VMAE528SKRACOkMbZtc2A=="
      },
      "Microsoft.Sbom.Targets": {
        "type": "Direct",
        "requested": "[4.1.5, )",
        "resolved": "4.1.5",
        "contentHash": "i5z+cNu/cOcdO0AgFB8aXk8w6In2H+haaDfSgd9ImvQIK+rSHavHZIogVoAZLL8jLwYx4bAcs5b7EyuMMG4mQQ=="
      },
      "PolySharp": {
        "type": "Direct",
        "requested": "[1.16.0, )",
        "resolved": "1.16.0",
        "contentHash": "3kdIIceBPumwjw279FuiVMfVENT2cGASXJgcigdySsbX2dJB8ofUgG6i47yqF/k1qu6fvNR3csrSekZPviR6kQ=="
      },
      "Qowaiv.Analyzers.CSharp": {
        "type": "Direct",
        "requested": "[2.4.0, )",
        "resolved": "2.4.0",
        "contentHash": "Hx8kO7ZA1+Or3V6JnX/YyGLYSIKCLCsN9truQyZscZ+KfJkO+k4FG/HpaUTjTzlYeGKG9gBKFXgoTttYedk/0g=="
      },
      "SonarAnalyzer.CSharp": {
        "type": "Direct",
        "requested": "[10.27.0.140913, )",
        "resolved": "10.27.0.140913",
        "contentHash": "cxk12QjN9io1SjN36B1QO+9dRf+ek2CGfQGsOWtHBojE35cKchKJod48raxZwe47jHhzmAUO4AJSh7+hF0GS4g=="
      },
      "qowaiv": {
        "type": "Project"
      },
      "qowaiv.testtools": {
        "type": "Project",
        "dependencies": {
          "Qowaiv": "[8.0.0, )"
        }
      }
    }
  }
}