{
  "version": 2,
  "dependencies": {
    "net10.0": {
      "AsyncFixer": {
        "type": "Direct",
        "requested": "[1.6.0, )",
        "resolved": "1.6.0",
        "contentHash": "/Xfs9H3UMfEv64cwT+C/JrTRp4w08BmPuFbj0ageadCHpx6rxYJxAU2C6sEqRFG22xmGk5cX9ewzoiiehWVHOw=="
      },
      "DotNet.ReproducibleBuilds": {
        "type": "Direct",
        "requested": "[1.2.39, )",
        "resolved": "1.2.39",
        "contentHash": "fcFN01tDTIQqDuTwr1jUQK/geofiwjG5DycJQOnC72i1SsLAk1ELe+apBOuZ11UMQG8YKFZG1FgvjZPbqHyatg=="
      },
      "DotNetProjectFile.Analyzers": {
        "type": "Direct",
        "requested": "[1.8.0, )",
        "resolved": "1.8.0",
        "contentHash": "Gtu1uwGjnzKe8YbBGzdghpaZAe3O3jpSd5Z49xTmGYYXdoHVdrHNZCGHTHlytRAFsTa5GhjYfbepAUItwqyVdQ=="
      },
      "PolySharp": {
        "type": "Direct",
        "requested": "[1.15.0, )",
        "resolved": "1.15.0",
        "contentHash": "FbU0El+EEjdpuIX4iDbeS7ki1uzpJPx8vbqOzEtqnl1GZeAGJfq+jCbxeJL2y0EPnUNk8dRnnqR2xnYXg9Tf+g=="
      },
      "SonarAnalyzer.CSharp": {
        "type": "Direct",
        "requested": "[10.15.0.120848, )",
        "resolved": "10.15.0.120848",
        "contentHash": "1hM3HVRl5jdC/ZBDu+G7CCYLXRGe/QaP01Zy+c9ETPhY7lWD8g8HiefY6sGaH0T3CJ4wAy0/waGgQTh0TYy0oQ=="
      },
      "qowaiv": {
        "type": "Project"
      },
      "qowaiv.testtools": {
        "type": "Project",
        "dependencies": {
          "Qowaiv": "[7.4.5, )"
        }
      }
    }
  }
}