
Microsoft Visual Studio Solution File, Format Version 12.00
# Visual Studio 2013
VisualStudioVersion = 12.0.31101.0
MinimumVisualStudioVersion = 10.0.40219.1
Project("{FAE04EC0-301F-11D3-BF4B-00C04F79EFBC}") = "Qowaiv", "Qowaiv\Qowaiv.csproj", "{8690F17C-8152-42BB-9697-0360758FA832}"
EndProject
Project("{FAE04EC0-301F-11D3-BF4B-00C04F79EFBC}") = "Qowaiv.CodeGenerator", "Qowaiv.CodeGenerator\Qowaiv.CodeGenerator.csproj", "{E3DCEC1A-818F-4EF1-AECA-2E34E96B39FC}"
EndProject
Project("{FAE04EC0-301F-11D3-BF4B-00C04F79EFBC}") = "Qowaiv.UnitTests", "Qowaiv.UnitTests\Qowaiv.UnitTests.csproj", "{D0233D1C-86A8-4229-907D-438537AF4372}"
EndProject
Project("{2150E333-8FDC-42A3-9474-1A3956D46DE8}") = "Solution Items", "Solution Items", "{A4C3C9FF-4EED-41FE-8849-C896429254B5}"
	ProjectSection(SolutionItems) = preProject
		..\.gitattributes = ..\.gitattributes
		..\.gitignore = ..\.gitignore
		..\README.md = ..\README.md
		Qowaiv.license.txt = Qowaiv.license.txt
		Qowaiv.ruleset = Qowaiv.ruleset
	EndProjectSection
EndProject
Project("{FAE04EC0-301F-11D3-BF4B-00C04F79EFBC}") = "Qowaiv.Json.Newtonsoft", "Qowaiv.Json.Newtonsoft\Qowaiv.Json.Newtonsoft.csproj", "{7D825B8F-14F7-4DD2-83DC-79217E97A866}"
EndProject
Project("{FAE04EC0-301F-11D3-BF4B-00C04F79EFBC}") = "Qowaiv.Web", "Qowaiv.Web\Qowaiv.Web.csproj", "{AE69AC33-D0F4-43B1-9194-AD5D9FCF9630}"
EndProject
Project("{FAE04EC0-301F-11D3-BF4B-00C04F79EFBC}") = "Qowaiv.TypeScript", "Qowaiv.TypeScript\Qowaiv.TypeScript.csproj", "{729DFCC9-A8DB-469D-881F-81E089A3049D}"
EndProject
Project("{2150E333-8FDC-42A3-9474-1A3956D46DE8}") = "Shared", "Shared", "{5249CDC7-3F92-45B6-9328-627BC0C2441D}"
	ProjectSection(SolutionItems) = preProject
		Shared\ProductInfo.cs = Shared\ProductInfo.cs
		Shared\Qowaiv.snk = Shared\Qowaiv.snk
		Shared\VersionInfo.cs = Shared\VersionInfo.cs
	EndProjectSection
EndProject
Project("{2150E333-8FDC-42A3-9474-1A3956D46DE8}") = "Design", "Design", "{41C15FF1-5053-4D59-8314-B6E1CE89CDC1}"
	ProjectSection(SolutionItems) = preProject
		..\design\qowain logo.psd = ..\design\qowain logo.psd
		..\design\qowain-logo_linkedin_050x050.jpg = ..\design\qowain-logo_linkedin_050x050.jpg
		..\design\qowain-logo_linkedin_100x060.jpg = ..\design\qowain-logo_linkedin_100x060.jpg
Project("{2150E333-8FDC-42A3-9474-1A3956D46DE8}") = "Build", "Build", "{C4A408F0-FCFD-4FB9-AC08-BEA5E25DC2B8}"
	ProjectSection(SolutionItems) = preProject
		..\build.cmd = ..\build.cmd
		..\build.fsx = ..\build.fsx
		..\build.sh = ..\build.sh
		..\buildConfig.fsx = ..\buildConfig.fsx
		..\downloadNuget.fsx = ..\downloadNuget.fsx
		..\packages.config = ..\packages.config
	EndProjectSection
EndProject
Global
	GlobalSection(SolutionConfigurationPlatforms) = preSolution
		Debug|Any CPU = Debug|Any CPU
		Release|Any CPU = Release|Any CPU
	EndGlobalSection
	GlobalSection(ProjectConfigurationPlatforms) = postSolution
		{8690F17C-8152-42BB-9697-0360758FA832}.Debug|Any CPU.ActiveCfg = Debug|Any CPU
		{8690F17C-8152-42BB-9697-0360758FA832}.Debug|Any CPU.Build.0 = Debug|Any CPU
		{8690F17C-8152-42BB-9697-0360758FA832}.Release|Any CPU.ActiveCfg = Release|Any CPU
		{8690F17C-8152-42BB-9697-0360758FA832}.Release|Any CPU.Build.0 = Release|Any CPU
		{E3DCEC1A-818F-4EF1-AECA-2E34E96B39FC}.Debug|Any CPU.ActiveCfg = Debug|Any CPU
		{E3DCEC1A-818F-4EF1-AECA-2E34E96B39FC}.Debug|Any CPU.Build.0 = Debug|Any CPU
		{E3DCEC1A-818F-4EF1-AECA-2E34E96B39FC}.Release|Any CPU.ActiveCfg = Release|Any CPU
		{E3DCEC1A-818F-4EF1-AECA-2E34E96B39FC}.Release|Any CPU.Build.0 = Release|Any CPU
		{D0233D1C-86A8-4229-907D-438537AF4372}.Debug|Any CPU.ActiveCfg = Debug|Any CPU
		{D0233D1C-86A8-4229-907D-438537AF4372}.Debug|Any CPU.Build.0 = Debug|Any CPU
		{D0233D1C-86A8-4229-907D-438537AF4372}.Release|Any CPU.ActiveCfg = Release|Any CPU
		{D0233D1C-86A8-4229-907D-438537AF4372}.Release|Any CPU.Build.0 = Release|Any CPU
		{7D825B8F-14F7-4DD2-83DC-79217E97A866}.Debug|Any CPU.ActiveCfg = Debug|Any CPU
		{7D825B8F-14F7-4DD2-83DC-79217E97A866}.Debug|Any CPU.Build.0 = Debug|Any CPU
		{7D825B8F-14F7-4DD2-83DC-79217E97A866}.Release|Any CPU.ActiveCfg = Release|Any CPU
		{7D825B8F-14F7-4DD2-83DC-79217E97A866}.Release|Any CPU.Build.0 = Release|Any CPU
		{AE69AC33-D0F4-43B1-9194-AD5D9FCF9630}.Debug|Any CPU.ActiveCfg = Debug|Any CPU
		{AE69AC33-D0F4-43B1-9194-AD5D9FCF9630}.Debug|Any CPU.Build.0 = Debug|Any CPU
		{AE69AC33-D0F4-43B1-9194-AD5D9FCF9630}.Release|Any CPU.ActiveCfg = Release|Any CPU
		{AE69AC33-D0F4-43B1-9194-AD5D9FCF9630}.Release|Any CPU.Build.0 = Release|Any CPU
		{729DFCC9-A8DB-469D-881F-81E089A3049D}.Debug|Any CPU.ActiveCfg = Debug|Any CPU
		{729DFCC9-A8DB-469D-881F-81E089A3049D}.Debug|Any CPU.Build.0 = Debug|Any CPU
		{729DFCC9-A8DB-469D-881F-81E089A3049D}.Release|Any CPU.ActiveCfg = Release|Any CPU
		{729DFCC9-A8DB-469D-881F-81E089A3049D}.Release|Any CPU.Build.0 = Release|Any CPU
	EndGlobalSection
	GlobalSection(SolutionProperties) = preSolution
		HideSolutionNode = FALSE
	EndGlobalSection
	GlobalSection(NestedProjects) = preSolution
		{5249CDC7-3F92-45B6-9328-627BC0C2441D} = {A4C3C9FF-4EED-41FE-8849-C896429254B5}
		{41C15FF1-5053-4D59-8314-B6E1CE89CDC1} = {A4C3C9FF-4EED-41FE-8849-C896429254B5}
		{C4A408F0-FCFD-4FB9-AC08-BEA5E25DC2B8} = {A4C3C9FF-4EED-41FE-8849-C896429254B5}
	EndGlobalSection
EndGlobal
